
Microsoft Visual Studio Solution File, Format Version 12.00
# Visual Studio Version 17
VisualStudioVersion = 17.2.32630.192
MinimumVisualStudioVersion = 10.0.40219.1
Project("{9A19103F-16F7-4668-BE54-9A1E7A4F7556}") = "TelefonRehberi", "TelefonRehberi.csproj", "{68012DDB-DB39-488F-8102-0A9075B67647}"
EndProject
Global
	GlobalSection(SolutionConfigurationPlatforms) = preSolution
		Debug|Any CPU = Debug|Any CPU
		Release|Any CPU = Release|Any CPU
	EndGlobalSection
	GlobalSection(ProjectConfigurationPlatforms) = postSolution
		{68012DDB-DB39-488F-8102-0A9075B67647}.Debug|Any CPU.ActiveCfg = Debug|Any CPU
		{68012DDB-DB39-488F-8102-0A9075B67647}.Debug|Any CPU.Build.0 = Debug|Any CPU
		{68012DDB-DB39-488F-8102-0A9075B67647}.Release|Any CPU.ActiveCfg = Release|Any CPU
		{68012DDB-DB39-488F-8102-0A9075B67647}.Release|Any CPU.Build.0 = Release|Any CPU
	EndGlobalSection
	GlobalSection(SolutionProperties) = preSolution
		HideSolutionNode = FALSE
	EndGlobalSection
	GlobalSection(ExtensibilityGlobals) = postSolution
		SolutionGuid = {8600F951-5DFF-475A-ABAE-28A9E33638BA}
	EndGlobalSection
EndGlobal
